
Microsoft Visual Studio Solution File, Format Version 12.00
# Visual Studio Version 17
VisualStudioVersion = 17.14.37027.9 d17.14
MinimumVisualStudioVersion = 10.0.40219.1
Project("{FAE04EC0-301F-11D3-BF4B-00C04F79EFBC}") = "CoreApi02042026", "CoreApi02042026\CoreApi02042026.csproj", "{AC53795A-E836-49FB-9254-9047345F9BD0}"
EndProject
Global
	GlobalSection(SolutionConfigurationPlatforms) = preSolution
		Debug|Any CPU = Debug|Any CPU
		Release|Any CPU = Release|Any CPU
	EndGlobalSection
	GlobalSection(ProjectConfigurationPlatforms) = postSolution
		{AC53795A-E836-49FB-9254-9047345F9BD0}.Debug|Any CPU.ActiveCfg = Debug|Any CPU
		{AC53795A-E836-49FB-9254-9047345F9BD0}.Debug|Any CPU.Build.0 = Debug|Any CPU
		{AC53795A-E836-49FB-9254-9047345F9BD0}.Release|Any CPU.ActiveCfg = Release|Any CPU
		{AC53795A-E836-49FB-9254-9047345F9BD0}.Release|Any CPU.Build.0 = Release|Any CPU
	EndGlobalSection
	GlobalSection(SolutionProperties) = preSolution
		HideSolutionNode = FALSE
	EndGlobalSection
	GlobalSection(ExtensibilityGlobals) = postSolution
		SolutionGuid = {F7EA6041-0E4A-4226-AE63-24237A750C43}
	EndGlobalSection
EndGlobal
